
Microsoft Visual Studio Solution File, Format Version 12.00
# Visual Studio Version 16
VisualStudioVersion = 16.0.30104.148
MinimumVisualStudioVersion = 10.0.40219.1
Project("{9A19103F-16F7-4668-BE54-9A1E7A4F7556}") = "Business", "Business\Business.csproj", "{759CF988-62D5-4AC8-81FF-CB736B60CADD}"
EndProject
Project("{9A19103F-16F7-4668-BE54-9A1E7A4F7556}") = "Core", "Core\Core.csproj", "{6BB3FB91-7BDB-4CB9-9F2D-08F895460E4C}"
EndProject
Project("{9A19103F-16F7-4668-BE54-9A1E7A4F7556}") = "Entities", "Entities\Entities.csproj", "{8A8E4FEA-642E-4CD6-98E7-014FCAA07DA2}"
EndProject
Project("{9A19103F-16F7-4668-BE54-9A1E7A4F7556}") = "DataAccess", "DataAccess\DataAccess.csproj", "{45CE476E-3F0A-4786-BB9C-30DE1A3B9250}"
EndProject
Project("{FAE04EC0-301F-11D3-BF4B-00C04F79EFBC}") = "WebAPI", "WebAPI\WebAPI.csproj", "{C8C557DD-7006-48B9-80AA-05A95327D78E}"
EndProject
Global
	GlobalSection(SolutionConfigurationPlatforms) = preSolution
		Debug|Any CPU = Debug|Any CPU
		Release|Any CPU = Release|Any CPU
	EndGlobalSection
	GlobalSection(ProjectConfigurationPlatforms) = postSolution
		{759CF988-62D5-4AC8-81FF-CB736B60CADD}.Debug|Any CPU.ActiveCfg = Debug|Any CPU
		{759CF988-62D5-4AC8-81FF-CB736B60CADD}.Debug|Any CPU.Build.0 = Debug|Any CPU
		{759CF988-62D5-4AC8-81FF-CB736B60CADD}.Release|Any CPU.ActiveCfg = Release|Any CPU
		{759CF988-62D5-4AC8-81FF-CB736B60CADD}.Release|Any CPU.Build.0 = Release|Any CPU
		{6BB3FB91-7BDB-4CB9-9F2D-08F895460E4C}.Debug|Any CPU.ActiveCfg = Debug|Any CPU
		{6BB3FB91-7BDB-4CB9-9F2D-08F895460E4C}.Debug|Any CPU.Build.0 = Debug|Any CPU
		{6BB3FB91-7BDB-4CB9-9F2D-08F895460E4C}.Release|Any CPU.ActiveCfg = Release|Any CPU
		{6BB3FB91-7BDB-4CB9-9F2D-08F895460E4C}.Release|Any CPU.Build.0 = Release|Any CPU
		{8A8E4FEA-642E-4CD6-98E7-014FCAA07DA2}.Debug|Any CPU.ActiveCfg = Debug|Any CPU
		{8A8E4FEA-642E-4CD6-98E7-014FCAA07DA2}.Debug|Any CPU.Build.0 = Debug|Any CPU
		{8A8E4FEA-642E-4CD6-98E7-014FCAA07DA2}.Release|Any CPU.ActiveCfg = Release|Any CPU
		{8A8E4FEA-642E-4CD6-98E7-014FCAA07DA2}.Release|Any CPU.Build.0 = Release|Any CPU
		{45CE476E-3F0A-4786-BB9C-30DE1A3B9250}.Debug|Any CPU.ActiveCfg = Debug|Any CPU
		{45CE476E-3F0A-4786-BB9C-30DE1A3B9250}.Debug|Any CPU.Build.0 = Debug|Any CPU
		{45CE476E-3F0A-4786-BB9C-30DE1A3B9250}.Release|Any CPU.ActiveCfg = Release|Any CPU
		{45CE476E-3F0A-4786-BB9C-30DE1A3B9250}.Release|Any CPU.Build.0 = Release|Any CPU
		{C8C557DD-7006-48B9-80AA-05A95327D78E}.Debug|Any CPU.ActiveCfg = Debug|Any CPU
		{C8C557DD-7006-48B9-80AA-05A95327D78E}.Debug|Any CPU.Build.0 = Debug|Any CPU
		{C8C557DD-7006-48B9-80AA-05A95327D78E}.Release|Any CPU.ActiveCfg = Release|Any CPU
		{C8C557DD-7006-48B9-80AA-05A95327D78E}.Release|Any CPU.Build.0 = Release|Any CPU
	EndGlobalSection
	GlobalSection(SolutionProperties) = preSolution
		HideSolutionNode = FALSE
	EndGlobalSection
	GlobalSection(ExtensibilityGlobals) = postSolution
		SolutionGuid = {0028E05A-875E-4126-BD4F-DCE3D44FC979}
	EndGlobalSection
EndGlobal
